
Microsoft Visual Studio Solution File, Format Version 12.00
# Visual Studio Version 17
VisualStudioVersion = 17.14.36429.23 d17.14
MinimumVisualStudioVersion = 10.0.40219.1
Project("{FAE04EC0-301F-11D3-BF4B-00C04F79EFBC}") = "PersistenceData", "PersistenceData\PersistenceData.csproj", "{B6B0B80E-3FB4-496D-BB0F-AC9D6729A400}"
EndProject
Global
	GlobalSection(SolutionConfigurationPlatforms) = preSolution
		Debug|Any CPU = Debug|Any CPU
		Release|Any CPU = Release|Any CPU
	EndGlobalSection
	GlobalSection(ProjectConfigurationPlatforms) = postSolution
		{B6B0B80E-3FB4-496D-BB0F-AC9D6729A400}.Debug|Any CPU.ActiveCfg = Debug|Any CPU
		{B6B0B80E-3FB4-496D-BB0F-AC9D6729A400}.Debug|Any CPU.Build.0 = Debug|Any CPU
		{B6B0B80E-3FB4-496D-BB0F-AC9D6729A400}.Release|Any CPU.ActiveCfg = Release|Any CPU
		{B6B0B80E-3FB4-496D-BB0F-AC9D6729A400}.Release|Any CPU.Build.0 = Release|Any CPU
	EndGlobalSection
	GlobalSection(SolutionProperties) = preSolution
		HideSolutionNode = FALSE
	EndGlobalSection
	GlobalSection(ExtensibilityGlobals) = postSolution
		SolutionGuid = {BF0E7A86-F448-48F2-A918-09DF1E5B234A}
	EndGlobalSection
EndGlobal
